// !$*UTF8*$!
{
	archiveVersion = 1;
	classes = {
	};
	objectVersion = 56;
	objects = {

/* Begin PBXBuildFile section */
		670238EB2B21EF6F00FF9C88 /* AudioDetailFeature.swift in Sources */ = {isa = PBXBuildFile; fileRef = 670238EA2B21EF6F00FF9C88 /* AudioDetailFeature.swift */; };
		672C2C202B1F5B360042AFAC /* AudioListFeature.swift in Sources */ = {isa = PBXBuildFile; fileRef = 672C2C1F2B1F5B360042AFAC /* AudioListFeature.swift */; };
		6739EB0D2B1A30AA0092E174 /* CustomSlider.swift in Sources */ = {isa = PBXBuildFile; fileRef = 6739EB0C2B1A30AA0092E174 /* CustomSlider.swift */; };
		67A0AF5F2B17A228008DFA40 /* AudiofileDetails.swift in Sources */ = {isa = PBXBuildFile; fileRef = 67A0AF5E2B17A228008DFA40 /* AudiofileDetails.swift */; };
		67AC1A7B2B18E83100F7CD73 /* AsyncImageView.swift in Sources */ = {isa = PBXBuildFile; fileRef = 67AC1A7A2B18E83100F7CD73 /* AsyncImageView.swift */; };
		67AC1A7E2B18F10000F7CD73 /* SpeedButtonStyle.swift in Sources */ = {isa = PBXBuildFile; fileRef = 67AC1A7D2B18F10000F7CD73 /* SpeedButtonStyle.swift */; };
		67AC1A802B18F12700F7CD73 /* ImageLoader.swift in Sources */ = {isa = PBXBuildFile; fileRef = 67AC1A7F2B18F12700F7CD73 /* ImageLoader.swift */; };
		67DB5B942B14DE0300D8FA30 /* ComposableArchitecture in Frameworks */ = {isa = PBXBuildFile; productRef = 67DB5B932B14DE0300D8FA30 /* ComposableArchitecture */; };
		67F6DACC2B0E799500F29E6E /* TCA_22_11_2023App.swift in Sources */ = {isa = PBXBuildFile; fileRef = 67F6DACB2B0E799500F29E6E /* TCA_22_11_2023App.swift */; };
		67F6DACE2B0E799500F29E6E /* AudioListView.swift in Sources */ = {isa = PBXBuildFile; fileRef = 67F6DACD2B0E799500F29E6E /* AudioListView.swift */; };
		67F6DAD02B0E799600F29E6E /* Assets.xcassets in Resources */ = {isa = PBXBuildFile; fileRef = 67F6DACF2B0E799600F29E6E /* Assets.xcassets */; };
		67F6DAD32B0E799600F29E6E /* Preview Assets.xcassets in Resources */ = {isa = PBXBuildFile; fileRef = 67F6DAD22B0E799600F29E6E /* Preview Assets.xcassets */; };
		67F6DADB2B0E7A2400F29E6E /* AudioList.swift in Sources */ = {isa = PBXBuildFile; fileRef = 67F6DADA2B0E7A2400F29E6E /* AudioList.swift */; };
		67F6DADE2B0E7A6C00F29E6E /* Alamofire in Frameworks */ = {isa = PBXBuildFile; productRef = 67F6DADD2B0E7A6C00F29E6E /* Alamofire */; };
		67F6DAE02B0E7AE600F29E6E /* AudioDetailView.swift in Sources */ = {isa = PBXBuildFile; fileRef = 67F6DADF2B0E7AE600F29E6E /* AudioDetailView.swift */; };
		67F6DAE62B0E7C1900F29E6E /* APIService.swift in Sources */ = {isa = PBXBuildFile; fileRef = 67F6DAE52B0E7C1900F29E6E /* APIService.swift */; };
		67F6DAE82B0E7DBB00F29E6E /* AudioDetailViewModel.swift in Sources */ = {isa = PBXBuildFile; fileRef = 67F6DAE72B0E7DBB00F29E6E /* AudioDetailViewModel.swift */; };
/* End PBXBuildFile section */

/* Begin PBXFileReference section */
		670238EA2B21EF6F00FF9C88 /* AudioDetailFeature.swift */ = {isa = PBXFileReference; lastKnownFileType = sourcecode.swift; path = AudioDetailFeature.swift; sourceTree = "<group>"; };
		672C2C1F2B1F5B360042AFAC /* AudioListFeature.swift */ = {isa = PBXFileReference; lastKnownFileType = sourcecode.swift; path = AudioListFeature.swift; sourceTree = "<group>"; };
		6739EB0C2B1A30AA0092E174 /* CustomSlider.swift */ = {isa = PBXFileReference; lastKnownFileType = sourcecode.swift; path = CustomSlider.swift; sourceTree = "<group>"; };
		67A0AF5E2B17A228008DFA40 /* AudiofileDetails.swift */ = {isa = PBXFileReference; lastKnownFileType = sourcecode.swift; path = AudiofileDetails.swift; sourceTree = "<group>"; };
		67AC1A7A2B18E83100F7CD73 /* AsyncImageView.swift */ = {isa = PBXFileReference; lastKnownFileType = sourcecode.swift; path = AsyncImageView.swift; sourceTree = "<group>"; };
		67AC1A7D2B18F10000F7CD73 /* SpeedButtonStyle.swift */ = {isa = PBXFileReference; lastKnownFileType = sourcecode.swift; path = SpeedButtonStyle.swift; sourceTree = "<group>"; };
		67AC1A7F2B18F12700F7CD73 /* ImageLoader.swift */ = {isa = PBXFileReference; lastKnownFileType = sourcecode.swift; path = ImageLoader.swift; sourceTree = "<group>"; };
		67F6DAC82B0E799500F29E6E /* TCA 22 11 2023.app */ = {isa = PBXFileReference; explicitFileType = wrapper.application; includeInIndex = 0; path = "TCA 22 11 2023.app"; sourceTree = BUILT_PRODUCTS_DIR; };
		67F6DACB2B0E799500F29E6E /* TCA_22_11_2023App.swift */ = {isa = PBXFileReference; lastKnownFileType = sourcecode.swift; path = TCA_22_11_2023App.swift; sourceTree = "<group>"; };
		67F6DACD2B0E799500F29E6E /* AudioListView.swift */ = {isa = PBXFileReference; lastKnownFileType = sourcecode.swift; path = AudioListView.swift; sourceTree = "<group>"; };
		67F6DACF2B0E799600F29E6E /* Assets.xcassets */ = {isa = PBXFileReference; lastKnownFileType = folder.assetcatalog; path = Assets.xcassets; sourceTree = "<group>"; };
		67F6DAD22B0E799600F29E6E /* Preview Assets.xcassets */ = {isa = PBXFileReference; lastKnownFileType = folder.assetcatalog; path = "Preview Assets.xcassets"; sourceTree = "<group>"; };
		67F6DADA2B0E7A2400F29E6E /* AudioList.swift */ = {isa = PBXFileReference; lastKnownFileType = sourcecode.swift; path = AudioList.swift; sourceTree = "<group>"; };
		67F6DADF2B0E7AE600F29E6E /* AudioDetailView.swift */ = {isa = PBXFileReference; lastKnownFileType = sourcecode.swift; path = AudioDetailView.swift; sourceTree = "<group>"; };
		67F6DAE52B0E7C1900F29E6E /* APIService.swift */ = {isa = PBXFileReference; lastKnownFileType = sourcecode.swift; path = APIService.swift; sourceTree = "<group>"; };
		67F6DAE72B0E7DBB00F29E6E /* AudioDetailViewModel.swift */ = {isa = PBXFileReference; lastKnownFileType = sourcecode.swift; path = AudioDetailViewModel.swift; sourceTree = "<group>"; };
/* End PBXFileReference section */

/* Begin PBXFrameworksBuildPhase section */
		67F6DAC52B0E799500F29E6E /* Frameworks */ = {
			isa = PBXFrameworksBuildPhase;
			buildActionMask = 2147483647;
			files = (
				67DB5B942B14DE0300D8FA30 /* ComposableArchitecture in Frameworks */,
				67F6DADE2B0E7A6C00F29E6E /* Alamofire in Frameworks */,
			);
			runOnlyForDeploymentPostprocessing = 0;
		};
/* End PBXFrameworksBuildPhase section */

/* Begin PBXGroup section */
		67AC1A792B18E66C00F7CD73 /* Support */ = {
			isa = PBXGroup;
			children = (
				67AC1A7C2B18F0F700F7CD73 /* Styles */,
				67AC1A7A2B18E83100F7CD73 /* AsyncImageView.swift */,
				6739EB0C2B1A30AA0092E174 /* CustomSlider.swift */,
				672C2C1F2B1F5B360042AFAC /* AudioListFeature.swift */,
				670238EA2B21EF6F00FF9C88 /* AudioDetailFeature.swift */,
			);
			path = Support;
			sourceTree = "<group>";
		};
		67AC1A7C2B18F0F700F7CD73 /* Styles */ = {
			isa = PBXGroup;
			children = (
				67AC1A7D2B18F10000F7CD73 /* SpeedButtonStyle.swift */,
			);
			path = Styles;
			sourceTree = "<group>";
		};
		67F6DABF2B0E799500F29E6E = {
			isa = PBXGroup;
			children = (
				67F6DACA2B0E799500F29E6E /* TCA 22 11 2023 */,
				67F6DAC92B0E799500F29E6E /* Products */,
			);
			sourceTree = "<group>";
		};
		67F6DAC92B0E799500F29E6E /* Products */ = {
			isa = PBXGroup;
			children = (
				67F6DAC82B0E799500F29E6E /* TCA 22 11 2023.app */,
			);
			name = Products;
			sourceTree = "<group>";
		};
		67F6DACA2B0E799500F29E6E /* TCA 22 11 2023 */ = {
			isa = PBXGroup;
			children = (
				67AC1A792B18E66C00F7CD73 /* Support */,
				67F6DACD2B0E799500F29E6E /* AudioListView.swift */,
				67F6DADF2B0E7AE600F29E6E /* AudioDetailView.swift */,
				67F6DAE72B0E7DBB00F29E6E /* AudioDetailViewModel.swift */,
				67F6DAE42B0E7C0B00F29E6E /* Networking */,
				67F6DAE32B0E7BF800F29E6E /* App */,
				67F6DAD92B0E7A0900F29E6E /* Models */,
			);
			path = "TCA 22 11 2023";
			sourceTree = "<group>";
		};
		67F6DAD12B0E799600F29E6E /* Preview Content */ = {
			isa = PBXGroup;
			children = (
				67F6DAD22B0E799600F29E6E /* Preview Assets.xcassets */,
			);
			path = "Preview Content";
			sourceTree = "<group>";
		};
		67F6DAD92B0E7A0900F29E6E /* Models */ = {
			isa = PBXGroup;
			children = (
				67F6DADA2B0E7A2400F29E6E /* AudioList.swift */,
				67A0AF5E2B17A228008DFA40 /* AudiofileDetails.swift */,
			);
			path = Models;
			sourceTree = "<group>";
		};
		67F6DAE32B0E7BF800F29E6E /* App */ = {
			isa = PBXGroup;
			children = (
				67F6DACB2B0E799500F29E6E /* TCA_22_11_2023App.swift */,
				67F6DACF2B0E799600F29E6E /* Assets.xcassets */,
				67F6DAD12B0E799600F29E6E /* Preview Content */,
			);
			path = App;
			sourceTree = "<group>";
		};
		67F6DAE42B0E7C0B00F29E6E /* Networking */ = {
			isa = PBXGroup;
			children = (
				67F6DAE52B0E7C1900F29E6E /* APIService.swift */,
				67AC1A7F2B18F12700F7CD73 /* ImageLoader.swift */,
			);
			path = Networking;
			sourceTree = "<group>";
		};
/* End PBXGroup section */

/* Begin PBXNativeTarget section */
		67F6DAC72B0E799500F29E6E /* TCA 22 11 2023 */ = {
			isa = PBXNativeTarget;
			buildConfigurationList = 67F6DAD62B0E799600F29E6E /* Build configuration list for PBXNativeTarget "TCA 22 11 2023" */;
			buildPhases = (
				67F6DAC42B0E799500F29E6E /* Sources */,
				67F6DAC52B0E799500F29E6E /* Frameworks */,
				67F6DAC62B0E799500F29E6E /* Resources */,
			);
			buildRules = (
			);
			dependencies = (
			);
			name = "TCA 22 11 2023";
			packageProductDependencies = (
				67F6DADD2B0E7A6C00F29E6E /* Alamofire */,
				67DB5B932B14DE0300D8FA30 /* ComposableArchitecture */,
			);
			productName = "TCA 22 11 2023";
			productReference = 67F6DAC82B0E799500F29E6E /* TCA 22 11 2023.app */;
			productType = "com.apple.product-type.application";
		};
/* End PBXNativeTarget section */

/* Begin PBXProject section */
		67F6DAC02B0E799500F29E6E /* Project object */ = {
			isa = PBXProject;
			attributes = {
				BuildIndependentTargetsInParallel = 1;
				LastSwiftUpdateCheck = 1500;
				LastUpgradeCheck = 1500;
				TargetAttributes = {
					67F6DAC72B0E799500F29E6E = {
						CreatedOnToolsVersion = 15.0.1;
					};
				};
			};
			buildConfigurationList = 67F6DAC32B0E799500F29E6E /* Build configuration list for PBXProject "TCA 22 11 2023" */;
			compatibilityVersion = "Xcode 14.0";
			developmentRegion = en;
			hasScannedForEncodings = 0;
			knownRegions = (
				en,
				Base,
			);
			mainGroup = 67F6DABF2B0E799500F29E6E;
			packageReferences = (
				67F6DADC2B0E7A6C00F29E6E /* XCRemoteSwiftPackageReference "Alamofire" */,
				67DB5B922B14DE0300D8FA30 /* XCRemoteSwiftPackageReference "swift-composable-architecture" */,
			);
			productRefGroup = 67F6DAC92B0E799500F29E6E /* Products */;
			projectDirPath = "";
			projectRoot = "";
			targets = (
				67F6DAC72B0E799500F29E6E /* TCA 22 11 2023 */,
			);
		};
/* End PBXProject section */

/* Begin PBXResourcesBuildPhase section */
		67F6DAC62B0E799500F29E6E /* Resources */ = {
			isa = PBXResourcesBuildPhase;
			buildActionMask = 2147483647;
			files = (
				67F6DAD32B0E799600F29E6E /* Preview Assets.xcassets in Resources */,
				67F6DAD02B0E799600F29E6E /* Assets.xcassets in Resources */,
			);
			runOnlyForDeploymentPostprocessing = 0;
		};
/* End PBXResourcesBuildPhase section */

/* Begin PBXSourcesBuildPhase section */
		67F6DAC42B0E799500F29E6E /* Sources */ = {
			isa = PBXSourcesBuildPhase;
			buildActionMask = 2147483647;
			files = (
				67F6DAE02B0E7AE600F29E6E /* AudioDetailView.swift in Sources */,
				67AC1A7E2B18F10000F7CD73 /* SpeedButtonStyle.swift in Sources */,
				6739EB0D2B1A30AA0092E174 /* CustomSlider.swift in Sources */,
				67AC1A802B18F12700F7CD73 /* ImageLoader.swift in Sources */,
				670238EB2B21EF6F00FF9C88 /* AudioDetailFeature.swift in Sources */,
				67F6DAE82B0E7DBB00F29E6E /* AudioDetailViewModel.swift in Sources */,
				67A0AF5F2B17A228008DFA40 /* AudiofileDetails.swift in Sources */,
				67F6DACE2B0E799500F29E6E /* AudioListView.swift in Sources */,
				67F6DADB2B0E7A2400F29E6E /* AudioList.swift in Sources */,
				67F6DAE62B0E7C1900F29E6E /* APIService.swift in Sources */,
				67AC1A7B2B18E83100F7CD73 /* AsyncImageView.swift in Sources */,
				67F6DACC2B0E799500F29E6E /* TCA_22_11_2023App.swift in Sources */,
				672C2C202B1F5B360042AFAC /* AudioListFeature.swift in Sources */,
			);
			runOnlyForDeploymentPostprocessing = 0;
		};
/* End PBXSourcesBuildPhase section */

/* Begin XCBuildConfiguration section */
		67F6DAD42B0E799600F29E6E /* Debug */ = {
			isa = XCBuildConfiguration;
			buildSettings = {
				ALWAYS_SEARCH_USER_PATHS = NO;
				ASSETCATALOG_COMPILER_GENERATE_SWIFT_ASSET_SYMBOL_EXTENSIONS = YES;
				CLANG_ANALYZER_NONNULL = YES;
				CLANG_ANALYZER_NUMBER_OBJECT_CONVERSION = YES_AGGRESSIVE;
				CLANG_CXX_LANGUAGE_STANDARD = "gnu++20";
				CLANG_ENABLE_MODULES = YES;
				CLANG_ENABLE_OBJC_ARC = YES;
				CLANG_ENABLE_OBJC_WEAK = YES;
				CLANG_WARN_BLOCK_CAPTURE_AUTORELEASING = YES;
				CLANG_WARN_BOOL_CONVERSION = YES;
				CLANG_WARN_COMMA = YES;
				CLANG_WARN_CONSTANT_CONVERSION = YES;
				CLANG_WARN_DEPRECATED_OBJC_IMPLEMENTATIONS = YES;
				CLANG_WARN_DIRECT_OBJC_ISA_USAGE = YES_ERROR;
				CLANG_WARN_DOCUMENTATION_COMMENTS = YES;
				CLANG_WARN_EMPTY_BODY = YES;
				CLANG_WARN_ENUM_CONVERSION = YES;
				CLANG_WARN_INFINITE_RECURSION = YES;
				CLANG_WARN_INT_CONVERSION = YES;
				CLANG_WARN_NON_LITERAL_NULL_CONVERSION = YES;
				CLANG_WARN_OBJC_IMPLICIT_RETAIN_SELF = YES;
				CLANG_WARN_OBJC_LITERAL_CONVERSION = YES;
				CLANG_WARN_OBJC_ROOT_CLASS = YES_ERROR;
				CLANG_WARN_QUOTED_INCLUDE_IN_FRAMEWORK_HEADER = YES;
				CLANG_WARN_RANGE_LOOP_ANALYSIS = YES;
				CLANG_WARN_STRICT_PROTOTYPES = YES;
				CLANG_WARN_SUSPICIOUS_MOVE = YES;
				CLANG_WARN_UNGUARDED_AVAILABILITY = YES_AGGRESSIVE;
				CLANG_WARN_UNREACHABLE_CODE = YES;
				CLANG_WARN__DUPLICATE_METHOD_MATCH = YES;
				COPY_PHASE_STRIP = NO;
				DEBUG_INFORMATION_FORMAT = dwarf;
				ENABLE_STRICT_OBJC_MSGSEND = YES;
				ENABLE_TESTABILITY = YES;
				ENABLE_USER_SCRIPT_SANDBOXING = YES;
				GCC_C_LANGUAGE_STANDARD = gnu17;
				GCC_DYNAMIC_NO_PIC = NO;
				GCC_NO_COMMON_BLOCKS = YES;
				GCC_OPTIMIZATION_LEVEL = 0;
				GCC_PREPROCESSOR_DEFINITIONS = (
					"DEBUG=1",
					"$(inherited)",
				);
				GCC_WARN_64_TO_32_BIT_CONVERSION = YES;
				GCC_WARN_ABOUT_RETURN_TYPE = YES_ERROR;
				GCC_WARN_UNDECLARED_SELECTOR = YES;
				GCC_WARN_UNINITIALIZED_AUTOS = YES_AGGRESSIVE;
				GCC_WARN_UNUSED_FUNCTION = YES;
				GCC_WARN_UNUSED_VARIABLE = YES;
				IPHONEOS_DEPLOYMENT_TARGET = 17.0;
				LOCALIZATION_PREFERS_STRING_CATALOGS = YES;
				MTL_ENABLE_DEBUG_INFO = INCLUDE_SOURCE;
				MTL_FAST_MATH = YES;
				ONLY_ACTIVE_ARCH = YES;
				SDKROOT = iphoneos;
				SWIFT_ACTIVE_COMPILATION_CONDITIONS = "DEBUG $(inherited)";
				SWIFT_OPTIMIZATION_LEVEL = "-Onone";
			};
			name = Debug;
		};
		67F6DAD52B0E799600F29E6E /* Release */ = {
			isa = XCBuildConfiguration;
			buildSettings = {
				ALWAYS_SEARCH_USER_PATHS = NO;
				ASSETCATALOG_COMPILER_GENERATE_SWIFT_ASSET_SYMBOL_EXTENSIONS = YES;
				CLANG_ANALYZER_NONNULL = YES;
				CLANG_ANALYZER_NUMBER_OBJECT_CONVERSION = YES_AGGRESSIVE;
				CLANG_CXX_LANGUAGE_STANDARD = "gnu++20";
				CLANG_ENABLE_MODULES = YES;
				CLANG_ENABLE_OBJC_ARC = YES;
				CLANG_ENABLE_OBJC_WEAK = YES;
				CLANG_WARN_BLOCK_CAPTURE_AUTORELEASING = YES;
				CLANG_WARN_BOOL_CONVERSION = YES;
				CLANG_WARN_COMMA = YES;
				CLANG_WARN_CONSTANT_CONVERSION = YES;
				CLANG_WARN_DEPRECATED_OBJC_IMPLEMENTATIONS = YES;
				CLANG_WARN_DIRECT_OBJC_ISA_USAGE = YES_ERROR;
				CLANG_WARN_DOCUMENTATION_COMMENTS = YES;
				CLANG_WARN_EMPTY_BODY = YES;
				CLANG_WARN_ENUM_CONVERSION = YES;
				CLANG_WARN_INFINITE_RECURSION = YES;
				CLANG_WARN_INT_CONVERSION = YES;
				CLANG_WARN_NON_LITERAL_NULL_CONVERSION = YES;
				CLANG_WARN_OBJC_IMPLICIT_RETAIN_SELF = YES;
				CLANG_WARN_OBJC_LITERAL_CONVERSION = YES;
				CLANG_WARN_OBJC_ROOT_CLASS = YES_ERROR;
				CLANG_WARN_QUOTED_INCLUDE_IN_FRAMEWORK_HEADER = YES;
				CLANG_WARN_RANGE_LOOP_ANALYSIS = YES;
				CLANG_WARN_STRICT_PROTOTYPES = YES;
				CLANG_WARN_SUSPICIOUS_MOVE = YES;
				CLANG_WARN_UNGUARDED_AVAILABILITY = YES_AGGRESSIVE;
				CLANG_WARN_UNREACHABLE_CODE = YES;
				CLANG_WARN__DUPLICATE_METHOD_MATCH = YES;
				COPY_PHASE_STRIP = NO;
				DEBUG_INFORMATION_FORMAT = "dwarf-with-dsym";
				ENABLE_NS_ASSERTIONS = NO;
				ENABLE_STRICT_OBJC_MSGSEND = YES;
				ENABLE_USER_SCRIPT_SANDBOXING = YES;
				GCC_C_LANGUAGE_STANDARD = gnu17;
				GCC_NO_COMMON_BLOCKS = YES;
				GCC_WARN_64_TO_32_BIT_CONVERSION = YES;
				GCC_WARN_ABOUT_RETURN_TYPE = YES_ERROR;
				GCC_WARN_UNDECLARED_SELECTOR = YES;
				GCC_WARN_UNINITIALIZED_AUTOS = YES_AGGRESSIVE;
				GCC_WARN_UNUSED_FUNCTION = YES;
				GCC_WARN_UNUSED_VARIABLE = YES;
				IPHONEOS_DEPLOYMENT_TARGET = 17.0;
				LOCALIZATION_PREFERS_STRING_CATALOGS = YES;
				MTL_ENABLE_DEBUG_INFO = NO;
				MTL_FAST_MATH = YES;
				SDKROOT = iphoneos;
				SWIFT_COMPILATION_MODE = wholemodule;
				VALIDATE_PRODUCT = YES;
			};
			name = Release;
		};
		67F6DAD72B0E799600F29E6E /* Debug */ = {
			isa = XCBuildConfiguration;
			buildSettings = {
				ASSETCATALOG_COMPILER_APPICON_NAME = AppIcon;
				ASSETCATALOG_COMPILER_GLOBAL_ACCENT_COLOR_NAME = AccentColor;
				CODE_SIGN_STYLE = Automatic;
				CURRENT_PROJECT_VERSION = 1;
				DEVELOPMENT_ASSET_PATHS = "\"TCA 22 11 2023/App/Preview Content\"";
				DEVELOPMENT_TEAM = 5LHF76Y88Y;
				ENABLE_PREVIEWS = YES;
				GENERATE_INFOPLIST_FILE = YES;
				INFOPLIST_KEY_UIApplicationSceneManifest_Generation = YES;
				INFOPLIST_KEY_UIApplicationSupportsIndirectInputEvents = YES;
				INFOPLIST_KEY_UILaunchScreen_Generation = YES;
				INFOPLIST_KEY_UISupportedInterfaceOrientations_iPad = "UIInterfaceOrientationPortrait UIInterfaceOrientationPortraitUpsideDown UIInterfaceOrientationLandscapeLeft UIInterfaceOrientationLandscapeRight";
				INFOPLIST_KEY_UISupportedInterfaceOrientations_iPhone = "UIInterfaceOrientationPortrait UIInterfaceOrientationLandscapeLeft UIInterfaceOrientationLandscapeRight";
				LD_RUNPATH_SEARCH_PATHS = (
					"$(inherited)",
					"@executable_path/Frameworks",
				);
				MARKETING_VERSION = 1.0;
				PRODUCT_BUNDLE_IDENTIFIER = "skylab.TCA-22-11-2023";
				PRODUCT_NAME = "$(TARGET_NAME)";
				SWIFT_EMIT_LOC_STRINGS = YES;
				SWIFT_VERSION = 5.0;
				TARGETED_DEVICE_FAMILY = "1,2";
			};
			name = Debug;
		};
		67F6DAD82B0E799600F29E6E /* Release */ = {
			isa = XCBuildConfiguration;
			buildSettings = {
				ASSETCATALOG_COMPILER_APPICON_NAME = AppIcon;
				ASSETCATALOG_COMPILER_GLOBAL_ACCENT_COLOR_NAME = AccentColor;
				CODE_SIGN_STYLE = Automatic;
				CURRENT_PROJECT_VERSION = 1;
				DEVELOPMENT_ASSET_PATHS = "\"TCA 22 11 2023/App/Preview Content\"";
				DEVELOPMENT_TEAM = 5LHF76Y88Y;
				ENABLE_PREVIEWS = YES;
				GENERATE_INFOPLIST_FILE = YES;
				INFOPLIST_KEY_UIApplicationSceneManifest_Generation = YES;
				INFOPLIST_KEY_UIApplicationSupportsIndirectInputEvents = YES;
				INFOPLIST_KEY_UILaunchScreen_Generation = YES;
				INFOPLIST_KEY_UISupportedInterfaceOrientations_iPad = "UIInterfaceOrientationPortrait UIInterfaceOrientationPortraitUpsideDown UIInterfaceOrientationLandscapeLeft UIInterfaceOrientationLandscapeRight";
				INFOPLIST_KEY_UISupportedInterfaceOrientations_iPhone = "UIInterfaceOrientationPortrait UIInterfaceOrientationLandscapeLeft UIInterfaceOrientationLandscapeRight";
				LD_RUNPATH_SEARCH_PATHS = (
					"$(inherited)",
					"@executable_path/Frameworks",
				);
				MARKETING_VERSION = 1.0;
				PRODUCT_BUNDLE_IDENTIFIER = "skylab.TCA-22-11-2023";
				PRODUCT_NAME = "$(TARGET_NAME)";
				SWIFT_EMIT_LOC_STRINGS = YES;
				SWIFT_VERSION = 5.0;
				TARGETED_DEVICE_FAMILY = "1,2";
			};
			name = Release;
		};
/* End XCBuildConfiguration section */

/* Begin XCConfigurationList section */
		67F6DAC32B0E799500F29E6E /* Build configuration list for PBXProject "TCA 22 11 2023" */ = {
			isa = XCConfigurationList;
			buildConfigurations = (
				67F6DAD42B0E799600F29E6E /* Debug */,
				67F6DAD52B0E799600F29E6E /* Release */,
			);
			defaultConfigurationIsVisible = 0;
			defaultConfigurationName = Release;
		};
		67F6DAD62B0E799600F29E6E /* Build configuration list for PBXNativeTarget "TCA 22 11 2023" */ = {
			isa = XCConfigurationList;
			buildConfigurations = (
				67F6DAD72B0E799600F29E6E /* Debug */,
				67F6DAD82B0E799600F29E6E /* Release */,
			);
			defaultConfigurationIsVisible = 0;
			defaultConfigurationName = Release;
		};
/* End XCConfigurationList section */

/* Begin XCRemoteSwiftPackageReference section */
		67DB5B922B14DE0300D8FA30 /* XCRemoteSwiftPackageReference "swift-composable-architecture" */ = {
			isa = XCRemoteSwiftPackageReference;
			repositoryURL = "https://github.com/pointfreeco/swift-composable-architecture";
			requirement = {
				kind = upToNextMajorVersion;
				minimumVersion = 1.5.0;
			};
		};
		67F6DADC2B0E7A6C00F29E6E /* XCRemoteSwiftPackageReference "Alamofire" */ = {
			isa = XCRemoteSwiftPackageReference;
			repositoryURL = "https://github.com/Alamofire/Alamofire";
			requirement = {
				kind = upToNextMajorVersion;
				minimumVersion = 5.8.1;
			};
		};
/* End XCRemoteSwiftPackageReference section */

/* Begin XCSwiftPackageProductDependency section */
		67DB5B932B14DE0300D8FA30 /* ComposableArchitecture */ = {
			isa = XCSwiftPackageProductDependency;
			package = 67DB5B922B14DE0300D8FA30 /* XCRemoteSwiftPackageReference "swift-composable-architecture" */;
			productName = ComposableArchitecture;
		};
		67F6DADD2B0E7A6C00F29E6E /* Alamofire */ = {
			isa = XCSwiftPackageProductDependency;
			package = 67F6DADC2B0E7A6C00F29E6E /* XCRemoteSwiftPackageReference "Alamofire" */;
			productName = Alamofire;
		};
/* End XCSwiftPackageProductDependency section */
	};
	rootObject = 67F6DAC02B0E799500F29E6E /* Project object */;
}
